
Microsoft Visual Studio Solution File, Format Version 12.00
# Visual Studio Version 16
VisualStudioVersion = 16.0.34114.132
MinimumVisualStudioVersion = 10.0.40219.1
Project("{FAE04EC0-301F-11D3-BF4B-00C04F79EFBC}") = "NotesManager", "NotesManager\NotesManager.csproj", "{A020205F-3787-48D0-B0E5-F634781CD58B}"
EndProject
Global
	GlobalSection(SolutionConfigurationPlatforms) = preSolution
		Debug|Any CPU = Debug|Any CPU
		Release|Any CPU = Release|Any CPU
	EndGlobalSection
	GlobalSection(ProjectConfigurationPlatforms) = postSolution
		{A020205F-3787-48D0-B0E5-F634781CD58B}.Debug|Any CPU.ActiveCfg = Debug|Any CPU
		{A020205F-3787-48D0-B0E5-F634781CD58B}.Debug|Any CPU.Build.0 = Debug|Any CPU
		{A020205F-3787-48D0-B0E5-F634781CD58B}.Release|Any CPU.ActiveCfg = Release|Any CPU
		{A020205F-3787-48D0-B0E5-F634781CD58B}.Release|Any CPU.Build.0 = Release|Any CPU
	EndGlobalSection
	GlobalSection(SolutionProperties) = preSolution
		HideSolutionNode = FALSE
	EndGlobalSection
	GlobalSection(ExtensibilityGlobals) = postSolution
		SolutionGuid = {761AB625-5C96-41A9-B5A7-DF5A2863FD75}
	EndGlobalSection
EndGlobal
